
Microsoft Visual Studio Solution File, Format Version 12.00
# Visual Studio 15
VisualStudioVersion = 15.0.28307.489
MinimumVisualStudioVersion = 10.0.40219.1
Project("{FAE04EC0-301F-11D3-BF4B-00C04F79EFBC}") = "YMOA.Model", "YMOA.Model\YMOA.Model.csproj", "{45414ED5-57AD-497D-BE4C-7A6B76831C61}"
EndProject
Project("{FAE04EC0-301F-11D3-BF4B-00C04F79EFBC}") = "YMOA.Comm", "YMOA.Comm\YMOA.Comm.csproj", "{1D5C9EAE-2405-4376-BB0D-95E8ED778AB4}"
EndProject
Project("{FAE04EC0-301F-11D3-BF4B-00C04F79EFBC}") = "YMOA.Web", "YMOA.Web\YMOA.Web.csproj", "{322F68EB-E0B6-4CAB-92C8-8E2D327217AA}"
EndProject
Project("{FAE04EC0-301F-11D3-BF4B-00C04F79EFBC}") = "YMOA.IDAL", "YMOA.IDAL\YMOA.IDAL.csproj", "{CEA5F361-B03F-49C9-877E-F73F4AE1AF81}"
EndProject
Project("{FAE04EC0-301F-11D3-BF4B-00C04F79EFBC}") = "YMOA.DAL", "YMOA.DAL\YMOA.DAL.csproj", "{F4499E02-E9C1-44EC-AE40-B577A08D49C2}"
EndProject
Project("{FAE04EC0-301F-11D3-BF4B-00C04F79EFBC}") = "YMOA.DALFactory", "YMOA.DALFactory\YMOA.DALFactory.csproj", "{72499DF5-B122-471B-BCBC-C6813AAEF24F}"
EndProject
Project("{FAE04EC0-301F-11D3-BF4B-00C04F79EFBC}") = "YMOA.UnitTest", "YMOA.UnitTest\YMOA.UnitTest.csproj", "{ADB4F7C7-120C-4A45-93B3-7FBDF76049AA}"
EndProject
Project("{FAE04EC0-301F-11D3-BF4B-00C04F79EFBC}") = "YMOA.WebClient", "YMOA.WebClient\YMOA.WebClient.csproj", "{E4BFCFBD-339C-4DCC-BFF4-EB8BCB00879E}"
EndProject
Global
	GlobalSection(SolutionConfigurationPlatforms) = preSolution
		Debug|Any CPU = Debug|Any CPU
		Release|Any CPU = Release|Any CPU
	EndGlobalSection
	GlobalSection(ProjectConfigurationPlatforms) = postSolution
		{45414ED5-57AD-497D-BE4C-7A6B76831C61}.Debug|Any CPU.ActiveCfg = Debug|Any CPU
		{45414ED5-57AD-497D-BE4C-7A6B76831C61}.Debug|Any CPU.Build.0 = Debug|Any CPU
		{45414ED5-57AD-497D-BE4C-7A6B76831C61}.Release|Any CPU.ActiveCfg = Release|Any CPU
		{45414ED5-57AD-497D-BE4C-7A6B76831C61}.Release|Any CPU.Build.0 = Release|Any CPU
		{1D5C9EAE-2405-4376-BB0D-95E8ED778AB4}.Debug|Any CPU.ActiveCfg = Debug|Any CPU
		{1D5C9EAE-2405-4376-BB0D-95E8ED778AB4}.Debug|Any CPU.Build.0 = Debug|Any CPU
		{1D5C9EAE-2405-4376-BB0D-95E8ED778AB4}.Release|Any CPU.ActiveCfg = Release|Any CPU
		{1D5C9EAE-2405-4376-BB0D-95E8ED778AB4}.Release|Any CPU.Build.0 = Release|Any CPU
		{322F68EB-E0B6-4CAB-92C8-8E2D327217AA}.Debug|Any CPU.ActiveCfg = Debug|Any CPU
		{322F68EB-E0B6-4CAB-92C8-8E2D327217AA}.Debug|Any CPU.Build.0 = Debug|Any CPU
		{322F68EB-E0B6-4CAB-92C8-8E2D327217AA}.Release|Any CPU.ActiveCfg = Release|Any CPU
		{322F68EB-E0B6-4CAB-92C8-8E2D327217AA}.Release|Any CPU.Build.0 = Release|Any CPU
		{CEA5F361-B03F-49C9-877E-F73F4AE1AF81}.Debug|Any CPU.ActiveCfg = Debug|Any CPU
		{CEA5F361-B03F-49C9-877E-F73F4AE1AF81}.Debug|Any CPU.Build.0 = Debug|Any CPU
		{CEA5F361-B03F-49C9-877E-F73F4AE1AF81}.Release|Any CPU.ActiveCfg = Release|Any CPU
		{CEA5F361-B03F-49C9-877E-F73F4AE1AF81}.Release|Any CPU.Build.0 = Release|Any CPU
		{F4499E02-E9C1-44EC-AE40-B577A08D49C2}.Debug|Any CPU.ActiveCfg = Debug|Any CPU
		{F4499E02-E9C1-44EC-AE40-B577A08D49C2}.Debug|Any CPU.Build.0 = Debug|Any CPU
		{F4499E02-E9C1-44EC-AE40-B577A08D49C2}.Release|Any CPU.ActiveCfg = Release|Any CPU
		{F4499E02-E9C1-44EC-AE40-B577A08D49C2}.Release|Any CPU.Build.0 = Release|Any CPU
		{72499DF5-B122-471B-BCBC-C6813AAEF24F}.Debug|Any CPU.ActiveCfg = Debug|Any CPU
		{72499DF5-B122-471B-BCBC-C6813AAEF24F}.Debug|Any CPU.Build.0 = Debug|Any CPU
		{72499DF5-B122-471B-BCBC-C6813AAEF24F}.Release|Any CPU.ActiveCfg = Release|Any CPU
		{72499DF5-B122-471B-BCBC-C6813AAEF24F}.Release|Any CPU.Build.0 = Release|Any CPU
		{ADB4F7C7-120C-4A45-93B3-7FBDF76049AA}.Debug|Any CPU.ActiveCfg = Debug|Any CPU
		{ADB4F7C7-120C-4A45-93B3-7FBDF76049AA}.Debug|Any CPU.Build.0 = Debug|Any CPU
		{ADB4F7C7-120C-4A45-93B3-7FBDF76049AA}.Release|Any CPU.ActiveCfg = Release|Any CPU
		{ADB4F7C7-120C-4A45-93B3-7FBDF76049AA}.Release|Any CPU.Build.0 = Release|Any CPU
		{E4BFCFBD-339C-4DCC-BFF4-EB8BCB00879E}.Debug|Any CPU.ActiveCfg = Debug|Any CPU
		{E4BFCFBD-339C-4DCC-BFF4-EB8BCB00879E}.Debug|Any CPU.Build.0 = Debug|Any CPU
		{E4BFCFBD-339C-4DCC-BFF4-EB8BCB00879E}.Release|Any CPU.ActiveCfg = Release|Any CPU
		{E4BFCFBD-339C-4DCC-BFF4-EB8BCB00879E}.Release|Any CPU.Build.0 = Release|Any CPU
	EndGlobalSection
	GlobalSection(SolutionProperties) = preSolution
		HideSolutionNode = FALSE
	EndGlobalSection
	GlobalSection(ExtensibilityGlobals) = postSolution
		SolutionGuid = {5E3A18A7-37B4-4D59-8495-FCAF7318BBFB}
	EndGlobalSection
EndGlobal
